
Microsoft Visual Studio Solution File, Format Version 12.00
# Visual Studio Version 16
VisualStudioVersion = 16.0.31911.196
MinimumVisualStudioVersion = 10.0.40219.1
Project("{9A19103F-16F7-4668-BE54-9A1E7A4F7556}") = "Client", "Client\Client.csproj", "{62035887-5C6F-4EFB-AF79-DD44526989F3}"
EndProject
Project("{9A19103F-16F7-4668-BE54-9A1E7A4F7556}") = "ASCIIConvertor", "ASCIIConvertor\ASCIIConvertor.csproj", "{400A72F3-8D58-4EF7-95BA-69544944C61B}"
EndProject
Project("{9A19103F-16F7-4668-BE54-9A1E7A4F7556}") = "Server", "Server\Server.csproj", "{6B1DE91C-A425-46AD-832F-A41DA2D2EF7E}"
EndProject
Project("{9A19103F-16F7-4668-BE54-9A1E7A4F7556}") = "TestASCIIConvertor", "TestASCIIConvertor\TestASCIIConvertor.csproj", "{FECF38BD-C7EA-41A5-9E22-C837DBEB889B}"
EndProject
Project("{FAE04EC0-301F-11D3-BF4B-00C04F79EFBC}") = "Settings", "Settings\Settings.csproj", "{9FCDA013-D981-486E-9E3C-9044FC8D3425}"
EndProject
Global
	GlobalSection(SolutionConfigurationPlatforms) = preSolution
		Debug|Any CPU = Debug|Any CPU
		Release|Any CPU = Release|Any CPU
	EndGlobalSection
	GlobalSection(ProjectConfigurationPlatforms) = postSolution
		{62035887-5C6F-4EFB-AF79-DD44526989F3}.Debug|Any CPU.ActiveCfg = Debug|Any CPU
		{62035887-5C6F-4EFB-AF79-DD44526989F3}.Debug|Any CPU.Build.0 = Debug|Any CPU
		{62035887-5C6F-4EFB-AF79-DD44526989F3}.Release|Any CPU.ActiveCfg = Release|Any CPU
		{62035887-5C6F-4EFB-AF79-DD44526989F3}.Release|Any CPU.Build.0 = Release|Any CPU
		{400A72F3-8D58-4EF7-95BA-69544944C61B}.Debug|Any CPU.ActiveCfg = Debug|Any CPU
		{400A72F3-8D58-4EF7-95BA-69544944C61B}.Debug|Any CPU.Build.0 = Debug|Any CPU
		{400A72F3-8D58-4EF7-95BA-69544944C61B}.Release|Any CPU.ActiveCfg = Release|Any CPU
		{400A72F3-8D58-4EF7-95BA-69544944C61B}.Release|Any CPU.Build.0 = Release|Any CPU
		{6B1DE91C-A425-46AD-832F-A41DA2D2EF7E}.Debug|Any CPU.ActiveCfg = Debug|Any CPU
		{6B1DE91C-A425-46AD-832F-A41DA2D2EF7E}.Debug|Any CPU.Build.0 = Debug|Any CPU
		{6B1DE91C-A425-46AD-832F-A41DA2D2EF7E}.Release|Any CPU.ActiveCfg = Release|Any CPU
		{6B1DE91C-A425-46AD-832F-A41DA2D2EF7E}.Release|Any CPU.Build.0 = Release|Any CPU
		{FECF38BD-C7EA-41A5-9E22-C837DBEB889B}.Debug|Any CPU.ActiveCfg = Debug|Any CPU
		{FECF38BD-C7EA-41A5-9E22-C837DBEB889B}.Debug|Any CPU.Build.0 = Debug|Any CPU
		{FECF38BD-C7EA-41A5-9E22-C837DBEB889B}.Release|Any CPU.ActiveCfg = Release|Any CPU
		{FECF38BD-C7EA-41A5-9E22-C837DBEB889B}.Release|Any CPU.Build.0 = Release|Any CPU
		{9FCDA013-D981-486E-9E3C-9044FC8D3425}.Debug|Any CPU.ActiveCfg = Debug|Any CPU
		{9FCDA013-D981-486E-9E3C-9044FC8D3425}.Debug|Any CPU.Build.0 = Debug|Any CPU
		{9FCDA013-D981-486E-9E3C-9044FC8D3425}.Release|Any CPU.ActiveCfg = Release|Any CPU
		{9FCDA013-D981-486E-9E3C-9044FC8D3425}.Release|Any CPU.Build.0 = Release|Any CPU
	EndGlobalSection
	GlobalSection(SolutionProperties) = preSolution
		HideSolutionNode = FALSE
	EndGlobalSection
	GlobalSection(ExtensibilityGlobals) = postSolution
		SolutionGuid = {731DB2F0-D093-41E4-83F7-AC70226197D3}
	EndGlobalSection
EndGlobal
